
Microsoft Visual Studio Solution File, Format Version 12.00
# Visual Studio Version 16
VisualStudioVersion = 16.0.31624.102
MinimumVisualStudioVersion = 10.0.40219.1
Project("{FAE04EC0-301F-11D3-BF4B-00C04F79EFBC}") = "classwork_25.09.21", "classwork_25.09.21\classwork_25.09.21.csproj", "{A4948D98-E097-4D79-980E-15269976993A}"
EndProject
Project("{FAE04EC0-301F-11D3-BF4B-00C04F79EFBC}") = "homework_25.09.21", "homework_25.09.21\homework_25.09.21.csproj", "{845F0AEF-E1EF-4980-AD2D-9D4A5CD2F2B1}"
EndProject
Project("{FAE04EC0-301F-11D3-BF4B-00C04F79EFBC}") = "laba_25.09.21", "laba_25.09.21\laba_25.09.21.csproj", "{C5F7FF2D-6B7A-4190-B85E-A0AD2AAFA607}"
EndProject
Global
	GlobalSection(SolutionConfigurationPlatforms) = preSolution
		Debug|Any CPU = Debug|Any CPU
		Release|Any CPU = Release|Any CPU
	EndGlobalSection
	GlobalSection(ProjectConfigurationPlatforms) = postSolution
		{A4948D98-E097-4D79-980E-15269976993A}.Debug|Any CPU.ActiveCfg = Debug|Any CPU
		{A4948D98-E097-4D79-980E-15269976993A}.Debug|Any CPU.Build.0 = Debug|Any CPU
		{A4948D98-E097-4D79-980E-15269976993A}.Release|Any CPU.ActiveCfg = Release|Any CPU
		{A4948D98-E097-4D79-980E-15269976993A}.Release|Any CPU.Build.0 = Release|Any CPU
		{845F0AEF-E1EF-4980-AD2D-9D4A5CD2F2B1}.Debug|Any CPU.ActiveCfg = Debug|Any CPU
		{845F0AEF-E1EF-4980-AD2D-9D4A5CD2F2B1}.Debug|Any CPU.Build.0 = Debug|Any CPU
		{845F0AEF-E1EF-4980-AD2D-9D4A5CD2F2B1}.Release|Any CPU.ActiveCfg = Release|Any CPU
		{845F0AEF-E1EF-4980-AD2D-9D4A5CD2F2B1}.Release|Any CPU.Build.0 = Release|Any CPU
		{C5F7FF2D-6B7A-4190-B85E-A0AD2AAFA607}.Debug|Any CPU.ActiveCfg = Debug|Any CPU
		{C5F7FF2D-6B7A-4190-B85E-A0AD2AAFA607}.Debug|Any CPU.Build.0 = Debug|Any CPU
		{C5F7FF2D-6B7A-4190-B85E-A0AD2AAFA607}.Release|Any CPU.ActiveCfg = Release|Any CPU
		{C5F7FF2D-6B7A-4190-B85E-A0AD2AAFA607}.Release|Any CPU.Build.0 = Release|Any CPU
	EndGlobalSection
	GlobalSection(SolutionProperties) = preSolution
		HideSolutionNode = FALSE
	EndGlobalSection
	GlobalSection(ExtensibilityGlobals) = postSolution
		SolutionGuid = {145AD12D-4ED6-49C6-AA59-8039BAD153F6}
	EndGlobalSection
EndGlobal
